// !$*UTF8*$!
{
	archiveVersion = 1;
	classes = {
	};
	objectVersion = 52;
	objects = {

/* Begin PBXBuildFile section */
		27093CE92428C517001341E1 /* ServerManager.swift in Sources */ = {isa = PBXBuildFile; fileRef = 27093CE82428C517001341E1 /* ServerManager.swift */; };
		27093CEB2428C5AD001341E1 /* AppConstants.swift in Sources */ = {isa = PBXBuildFile; fileRef = 27093CEA2428C5AD001341E1 /* AppConstants.swift */; };
		27093CF32428D9E4001341E1 /* DetailViewController.swift in Sources */ = {isa = PBXBuildFile; fileRef = 27093CF22428D9E4001341E1 /* DetailViewController.swift */; };
		FA2E4E2E241EC52A00942616 /* AppDelegate.swift in Sources */ = {isa = PBXBuildFile; fileRef = FA2E4E2D241EC52A00942616 /* AppDelegate.swift */; };
		FA2E4E30241EC52A00942616 /* SceneDelegate.swift in Sources */ = {isa = PBXBuildFile; fileRef = FA2E4E2F241EC52A00942616 /* SceneDelegate.swift */; };
		FA2E4E32241EC52A00942616 /* ViewController.swift in Sources */ = {isa = PBXBuildFile; fileRef = FA2E4E31241EC52A00942616 /* ViewController.swift */; };
		FA2E4E37241EC53000942616 /* Assets.xcassets in Resources */ = {isa = PBXBuildFile; fileRef = FA2E4E36241EC53000942616 /* Assets.xcassets */; };
		FA2E4E3A241EC53000942616 /* LaunchScreen.storyboard in Resources */ = {isa = PBXBuildFile; fileRef = FA2E4E38241EC53000942616 /* LaunchScreen.storyboard */; };
		FA2E4E46241F19FD00942616 /* Course.swift in Sources */ = {isa = PBXBuildFile; fileRef = FA2E4E45241F19FD00942616 /* Course.swift */; };
		FA2E4E48241F1A3300942616 /* Extensions.swift in Sources */ = {isa = PBXBuildFile; fileRef = FA2E4E47241F1A3300942616 /* Extensions.swift */; };
		FA2E4E4C241F1A9400942616 /* Protocols.swift in Sources */ = {isa = PBXBuildFile; fileRef = FA2E4E4B241F1A9400942616 /* Protocols.swift */; };
		FA2E4E4E241F1AF900942616 /* CourseCell.swift in Sources */ = {isa = PBXBuildFile; fileRef = FA2E4E4D241F1AF900942616 /* CourseCell.swift */; };
		FA74FC3824208D17000A56FB /* SectionHeader.swift in Sources */ = {isa = PBXBuildFile; fileRef = FA74FC3724208D17000A56FB /* SectionHeader.swift */; };
		FA74FC3A242099FC000A56FB /* DetailCourseViewController.swift in Sources */ = {isa = PBXBuildFile; fileRef = FA74FC39242099FC000A56FB /* DetailCourseViewController.swift */; };
		FA74FC3D2420B102000A56FB /* EventCell.xib in Resources */ = {isa = PBXBuildFile; fileRef = FA74FC3C2420B102000A56FB /* EventCell.xib */; };
/* End PBXBuildFile section */

/* Begin PBXCopyFilesBuildPhase section */
		275FBEC12425AAE0002F0AB7 /* Embed Frameworks */ = {
			isa = PBXCopyFilesBuildPhase;
			buildActionMask = 2147483647;
			dstPath = "";
			dstSubfolderSpec = 10;
			files = (
			);
			name = "Embed Frameworks";
			runOnlyForDeploymentPostprocessing = 0;
		};
/* End PBXCopyFilesBuildPhase section */

/* Begin PBXFileReference section */
		27093CE82428C517001341E1 /* ServerManager.swift */ = {isa = PBXFileReference; lastKnownFileType = sourcecode.swift; path = ServerManager.swift; sourceTree = "<group>"; };
		27093CEA2428C5AD001341E1 /* AppConstants.swift */ = {isa = PBXFileReference; lastKnownFileType = sourcecode.swift; path = AppConstants.swift; sourceTree = "<group>"; };
		27093CF22428D9E4001341E1 /* DetailViewController.swift */ = {isa = PBXFileReference; lastKnownFileType = sourcecode.swift; path = DetailViewController.swift; sourceTree = "<group>"; };
		273DFBF724290706008950DA /* GT.app */ = {isa = PBXFileReference; explicitFileType = wrapper.application; includeInIndex = 0; path = GT.app; sourceTree = BUILT_PRODUCTS_DIR; };
		FA2E4E2D241EC52A00942616 /* AppDelegate.swift */ = {isa = PBXFileReference; lastKnownFileType = sourcecode.swift; name = AppDelegate.swift; path = ../AppDelegate.swift; sourceTree = "<group>"; };
		FA2E4E2F241EC52A00942616 /* SceneDelegate.swift */ = {isa = PBXFileReference; lastKnownFileType = sourcecode.swift; name = SceneDelegate.swift; path = ../SceneDelegate.swift; sourceTree = "<group>"; };
		FA2E4E31241EC52A00942616 /* ViewController.swift */ = {isa = PBXFileReference; lastKnownFileType = sourcecode.swift; path = ViewController.swift; sourceTree = "<group>"; };
		FA2E4E36241EC53000942616 /* Assets.xcassets */ = {isa = PBXFileReference; lastKnownFileType = folder.assetcatalog; path = Assets.xcassets; sourceTree = "<group>"; };
		FA2E4E39241EC53000942616 /* Base */ = {isa = PBXFileReference; lastKnownFileType = file.storyboard; name = Base; path = Base.lproj/LaunchScreen.storyboard; sourceTree = "<group>"; };
		FA2E4E3B241EC53000942616 /* Info.plist */ = {isa = PBXFileReference; lastKnownFileType = text.plist.xml; name = Info.plist; path = ../Info.plist; sourceTree = "<group>"; };
		FA2E4E45241F19FD00942616 /* Course.swift */ = {isa = PBXFileReference; lastKnownFileType = sourcecode.swift; path = Course.swift; sourceTree = "<group>"; };
		FA2E4E47241F1A3300942616 /* Extensions.swift */ = {isa = PBXFileReference; lastKnownFileType = sourcecode.swift; path = Extensions.swift; sourceTree = "<group>"; };
		FA2E4E4B241F1A9400942616 /* Protocols.swift */ = {isa = PBXFileReference; lastKnownFileType = sourcecode.swift; path = Protocols.swift; sourceTree = "<group>"; };
		FA2E4E4D241F1AF900942616 /* CourseCell.swift */ = {isa = PBXFileReference; lastKnownFileType = sourcecode.swift; path = CourseCell.swift; sourceTree = "<group>"; };
		FA2E4E4F241F517700942616 /* GT.entitlements */ = {isa = PBXFileReference; lastKnownFileType = text.plist.entitlements; path = GT.entitlements; sourceTree = "<group>"; };
		FA74FC3724208D17000A56FB /* SectionHeader.swift */ = {isa = PBXFileReference; lastKnownFileType = sourcecode.swift; path = SectionHeader.swift; sourceTree = "<group>"; };
		FA74FC39242099FC000A56FB /* DetailCourseViewController.swift */ = {isa = PBXFileReference; lastKnownFileType = sourcecode.swift; path = DetailCourseViewController.swift; sourceTree = "<group>"; };
		FA74FC3C2420B102000A56FB /* EventCell.xib */ = {isa = PBXFileReference; fileEncoding = 4; lastKnownFileType = file.xib; path = EventCell.xib; sourceTree = "<group>"; };
/* End PBXFileReference section */

/* Begin PBXFrameworksBuildPhase section */
		FA2E4E27241EC52A00942616 /* Frameworks */ = {
			isa = PBXFrameworksBuildPhase;
			buildActionMask = 2147483647;
			files = (
			);
			runOnlyForDeploymentPostprocessing = 0;
		};
/* End PBXFrameworksBuildPhase section */

/* Begin PBXGroup section */
		FA2E4E21241EC52A00942616 = {
			isa = PBXGroup;
			children = (
				FA2E4E2C241EC52A00942616 /* GT */,
				273DFBF724290706008950DA /* GT.app */,
			);
			sourceTree = "<group>";
		};
		FA2E4E2C241EC52A00942616 /* GT */ = {
			isa = PBXGroup;
			children = (
				FA2E4E4F241F517700942616 /* GT.entitlements */,
				FA2E4E38241EC53000942616 /* LaunchScreen.storyboard */,
				FA2E4E4A241F1A6600942616 /* Controllers */,
				FA2E4E49241F1A5F00942616 /* Views */,
				FA2E4E44241F19E800942616 /* Models */,
				FA2E4E42241EC6C900942616 /* Supporitng */,
			);
			path = GT;
			sourceTree = "<group>";
		};
		FA2E4E42241EC6C900942616 /* Supporitng */ = {
			isa = PBXGroup;
			children = (
				FA2E4E2D241EC52A00942616 /* AppDelegate.swift */,
				FA2E4E2F241EC52A00942616 /* SceneDelegate.swift */,
				FA2E4E36241EC53000942616 /* Assets.xcassets */,
				FA2E4E3B241EC53000942616 /* Info.plist */,
				FA2E4E47241F1A3300942616 /* Extensions.swift */,
				27093CE82428C517001341E1 /* ServerManager.swift */,
				27093CEA2428C5AD001341E1 /* AppConstants.swift */,
			);
			path = Supporitng;
			sourceTree = "<group>";
		};
		FA2E4E44241F19E800942616 /* Models */ = {
			isa = PBXGroup;
			children = (
				FA2E4E45241F19FD00942616 /* Course.swift */,
			);
			name = Models;
			path = Views/Models;
			sourceTree = "<group>";
		};
		FA2E4E49241F1A5F00942616 /* Views */ = {
			isa = PBXGroup;
			children = (
				FA2E4E4D241F1AF900942616 /* CourseCell.swift */,
				FA74FC3C2420B102000A56FB /* EventCell.xib */,
				FA2E4E4B241F1A9400942616 /* Protocols.swift */,
				FA74FC3724208D17000A56FB /* SectionHeader.swift */,
			);
			path = Views;
			sourceTree = "<group>";
		};
		FA2E4E4A241F1A6600942616 /* Controllers */ = {
			isa = PBXGroup;
			children = (
				FA2E4E31241EC52A00942616 /* ViewController.swift */,
				FA74FC39242099FC000A56FB /* DetailCourseViewController.swift */,
				27093CF22428D9E4001341E1 /* DetailViewController.swift */,
			);
			path = Controllers;
			sourceTree = "<group>";
		};
/* End PBXGroup section */

/* Begin PBXNativeTarget section */
		FA2E4E29241EC52A00942616 /* GT */ = {
			isa = PBXNativeTarget;
			buildConfigurationList = FA2E4E3E241EC53000942616 /* Build configuration list for PBXNativeTarget "GT" */;
			buildPhases = (
				FA2E4E26241EC52A00942616 /* Sources */,
				FA2E4E27241EC52A00942616 /* Frameworks */,
				FA2E4E28241EC52A00942616 /* Resources */,
				275FBEC12425AAE0002F0AB7 /* Embed Frameworks */,
			);
			buildRules = (
			);
			dependencies = (
			);
			name = GT;
			productName = GT;
			productReference = 273DFBF724290706008950DA /* GT.app */;
			productType = "com.apple.product-type.application";
		};
/* End PBXNativeTarget section */

/* Begin PBXProject section */
		FA2E4E22241EC52A00942616 /* Project object */ = {
			isa = PBXProject;
			attributes = {
				LastSwiftUpdateCheck = 1130;
				LastUpgradeCheck = 1130;
				ORGANIZATIONNAME = MT;
				TargetAttributes = {
					FA2E4E29241EC52A00942616 = {
						CreatedOnToolsVersion = 11.3.1;
					};
				};
			};
			buildConfigurationList = FA2E4E25241EC52A00942616 /* Build configuration list for PBXProject "GT" */;
			compatibilityVersion = "Xcode 9.3";
			developmentRegion = en;
			hasScannedForEncodings = 0;
			knownRegions = (
				en,
				Base,
			);
			mainGroup = FA2E4E21241EC52A00942616;
			packageReferences = (
				272D230E2428F7D700E6D5B1 /* XCRemoteSwiftPackageReference "MTWeekView" */,
			);
			productRefGroup = FA2E4E21241EC52A00942616;
			projectDirPath = "";
			projectRoot = "";
			targets = (
				FA2E4E29241EC52A00942616 /* GT */,
			);
		};
/* End PBXProject section */

/* Begin PBXResourcesBuildPhase section */
		FA2E4E28241EC52A00942616 /* Resources */ = {
			isa = PBXResourcesBuildPhase;
			buildActionMask = 2147483647;
			files = (
				FA74FC3D2420B102000A56FB /* EventCell.xib in Resources */,
				FA2E4E3A241EC53000942616 /* LaunchScreen.storyboard in Resources */,
				FA2E4E37241EC53000942616 /* Assets.xcassets in Resources */,
			);
			runOnlyForDeploymentPostprocessing = 0;
		};
/* End PBXResourcesBuildPhase section */

/* Begin PBXSourcesBuildPhase section */
		FA2E4E26241EC52A00942616 /* Sources */ = {
			isa = PBXSourcesBuildPhase;
			buildActionMask = 2147483647;
			files = (
				27093CE92428C517001341E1 /* ServerManager.swift in Sources */,
				FA2E4E48241F1A3300942616 /* Extensions.swift in Sources */,
				FA2E4E46241F19FD00942616 /* Course.swift in Sources */,
				27093CF32428D9E4001341E1 /* DetailViewController.swift in Sources */,
				27093CEB2428C5AD001341E1 /* AppConstants.swift in Sources */,
				FA2E4E32241EC52A00942616 /* ViewController.swift in Sources */,
				FA2E4E4E241F1AF900942616 /* CourseCell.swift in Sources */,
				FA74FC3824208D17000A56FB /* SectionHeader.swift in Sources */,
				FA2E4E4C241F1A9400942616 /* Protocols.swift in Sources */,
				FA2E4E2E241EC52A00942616 /* AppDelegate.swift in Sources */,
				FA74FC3A242099FC000A56FB /* DetailCourseViewController.swift in Sources */,
				FA2E4E30241EC52A00942616 /* SceneDelegate.swift in Sources */,
			);
			runOnlyForDeploymentPostprocessing = 0;
		};
/* End PBXSourcesBuildPhase section */

/* Begin PBXVariantGroup section */
		FA2E4E38241EC53000942616 /* LaunchScreen.storyboard */ = {
			isa = PBXVariantGroup;
			children = (
				FA2E4E39241EC53000942616 /* Base */,
			);
			name = LaunchScreen.storyboard;
			sourceTree = "<group>";
		};
/* End PBXVariantGroup section */

/* Begin XCBuildConfiguration section */
		FA2E4E3C241EC53000942616 /* Debug */ = {
			isa = XCBuildConfiguration;
			buildSettings = {
				ALWAYS_SEARCH_USER_PATHS = NO;
				CLANG_ANALYZER_NONNULL = YES;
				CLANG_ANALYZER_NUMBER_OBJECT_CONVERSION = YES_AGGRESSIVE;
				CLANG_CXX_LANGUAGE_STANDARD = "gnu++14";
				CLANG_CXX_LIBRARY = "libc++";
				CLANG_ENABLE_MODULES = YES;
				CLANG_ENABLE_OBJC_ARC = YES;
				CLANG_ENABLE_OBJC_WEAK = YES;
				CLANG_WARN_BLOCK_CAPTURE_AUTORELEASING = YES;
				CLANG_WARN_BOOL_CONVERSION = YES;
				CLANG_WARN_COMMA = YES;
				CLANG_WARN_CONSTANT_CONVERSION = YES;
				CLANG_WARN_DEPRECATED_OBJC_IMPLEMENTATIONS = YES;
				CLANG_WARN_DIRECT_OBJC_ISA_USAGE = YES_ERROR;
				CLANG_WARN_DOCUMENTATION_COMMENTS = YES;
				CLANG_WARN_EMPTY_BODY = YES;
				CLANG_WARN_ENUM_CONVERSION = YES;
				CLANG_WARN_INFINITE_RECURSION = YES;
				CLANG_WARN_INT_CONVERSION = YES;
				CLANG_WARN_NON_LITERAL_NULL_CONVERSION = YES;
				CLANG_WARN_OBJC_IMPLICIT_RETAIN_SELF = YES;
				CLANG_WARN_OBJC_LITERAL_CONVERSION = YES;
				CLANG_WARN_OBJC_ROOT_CLASS = YES_ERROR;
				CLANG_WARN_RANGE_LOOP_ANALYSIS = YES;
				CLANG_WARN_STRICT_PROTOTYPES = YES;
				CLANG_WARN_SUSPICIOUS_MOVE = YES;
				CLANG_WARN_UNGUARDED_AVAILABILITY = YES_AGGRESSIVE;
				CLANG_WARN_UNREACHABLE_CODE = YES;
				CLANG_WARN__DUPLICATE_METHOD_MATCH = YES;
				COPY_PHASE_STRIP = NO;
				DEBUG_INFORMATION_FORMAT = dwarf;
				ENABLE_STRICT_OBJC_MSGSEND = YES;
				ENABLE_TESTABILITY = YES;
				GCC_C_LANGUAGE_STANDARD = gnu11;
				GCC_DYNAMIC_NO_PIC = NO;
				GCC_NO_COMMON_BLOCKS = YES;
				GCC_OPTIMIZATION_LEVEL = 0;
				GCC_PREPROCESSOR_DEFINITIONS = (
					"DEBUG=1",
					"$(inherited)",
				);
				GCC_WARN_64_TO_32_BIT_CONVERSION = YES;
				GCC_WARN_ABOUT_RETURN_TYPE = YES_ERROR;
				GCC_WARN_UNDECLARED_SELECTOR = YES;
				GCC_WARN_UNINITIALIZED_AUTOS = YES_AGGRESSIVE;
				GCC_WARN_UNUSED_FUNCTION = YES;
				GCC_WARN_UNUSED_VARIABLE = YES;
				IPHONEOS_DEPLOYMENT_TARGET = 13.2;
				MTL_ENABLE_DEBUG_INFO = INCLUDE_SOURCE;
				MTL_FAST_MATH = YES;
				ONLY_ACTIVE_ARCH = YES;
				SDKROOT = iphoneos;
				SWIFT_ACTIVE_COMPILATION_CONDITIONS = DEBUG;
				SWIFT_OPTIMIZATION_LEVEL = "-Onone";
			};
			name = Debug;
		};
		FA2E4E3D241EC53000942616 /* Release */ = {
			isa = XCBuildConfiguration;
			buildSettings = {
				ALWAYS_SEARCH_USER_PATHS = NO;
				CLANG_ANALYZER_NONNULL = YES;
				CLANG_ANALYZER_NUMBER_OBJECT_CONVERSION = YES_AGGRESSIVE;
				CLANG_CXX_LANGUAGE_STANDARD = "gnu++14";
				CLANG_CXX_LIBRARY = "libc++";
				CLANG_ENABLE_MODULES = YES;
				CLANG_ENABLE_OBJC_ARC = YES;
				CLANG_ENABLE_OBJC_WEAK = YES;
				CLANG_WARN_BLOCK_CAPTURE_AUTORELEASING = YES;
				CLANG_WARN_BOOL_CONVERSION = YES;
				CLANG_WARN_COMMA = YES;
				CLANG_WARN_CONSTANT_CONVERSION = YES;
				CLANG_WARN_DEPRECATED_OBJC_IMPLEMENTATIONS = YES;
				CLANG_WARN_DIRECT_OBJC_ISA_USAGE = YES_ERROR;
				CLANG_WARN_DOCUMENTATION_COMMENTS = YES;
				CLANG_WARN_EMPTY_BODY = YES;
				CLANG_WARN_ENUM_CONVERSION = YES;
				CLANG_WARN_INFINITE_RECURSION = YES;
				CLANG_WARN_INT_CONVERSION = YES;
				CLANG_WARN_NON_LITERAL_NULL_CONVERSION = YES;
				CLANG_WARN_OBJC_IMPLICIT_RETAIN_SELF = YES;
				CLANG_WARN_OBJC_LITERAL_CONVERSION = YES;
				CLANG_WARN_OBJC_ROOT_CLASS = YES_ERROR;
				CLANG_WARN_RANGE_LOOP_ANALYSIS = YES;
				CLANG_WARN_STRICT_PROTOTYPES = YES;
				CLANG_WARN_SUSPICIOUS_MOVE = YES;
				CLANG_WARN_UNGUARDED_AVAILABILITY = YES_AGGRESSIVE;
				CLANG_WARN_UNREACHABLE_CODE = YES;
				CLANG_WARN__DUPLICATE_METHOD_MATCH = YES;
				COPY_PHASE_STRIP = NO;
				DEBUG_INFORMATION_FORMAT = "dwarf-with-dsym";
				ENABLE_NS_ASSERTIONS = NO;
				ENABLE_STRICT_OBJC_MSGSEND = YES;
				GCC_C_LANGUAGE_STANDARD = gnu11;
				GCC_NO_COMMON_BLOCKS = YES;
				GCC_WARN_64_TO_32_BIT_CONVERSION = YES;
				GCC_WARN_ABOUT_RETURN_TYPE = YES_ERROR;
				GCC_WARN_UNDECLARED_SELECTOR = YES;
				GCC_WARN_UNINITIALIZED_AUTOS = YES_AGGRESSIVE;
				GCC_WARN_UNUSED_FUNCTION = YES;
				GCC_WARN_UNUSED_VARIABLE = YES;
				IPHONEOS_DEPLOYMENT_TARGET = 13.2;
				MTL_ENABLE_DEBUG_INFO = NO;
				MTL_FAST_MATH = YES;
				SDKROOT = iphoneos;
				SWIFT_COMPILATION_MODE = wholemodule;
				SWIFT_OPTIMIZATION_LEVEL = "-O";
				VALIDATE_PRODUCT = YES;
			};
			name = Release;
		};
		FA2E4E3F241EC53000942616 /* Debug */ = {
			isa = XCBuildConfiguration;
			buildSettings = {
				ASSETCATALOG_COMPILER_APPICON_NAME = AppIcon;
				CODE_SIGN_ENTITLEMENTS = GT/GT.entitlements;
				CODE_SIGN_STYLE = Automatic;
				DEVELOPMENT_TEAM = ZF27C7P399;
				FRAMEWORK_SEARCH_PATHS = (
					"$(inherited)",
					"$(PROJECT_DIR)/Source/Frameworks",
				);
				INFOPLIST_FILE = GT/Info.plist;
				LD_RUNPATH_SEARCH_PATHS = (
					"$(inherited)",
					"@executable_path/Frameworks",
				);
				PRODUCT_BUNDLE_IDENTIFIER = com.MT.Oscar;
				PRODUCT_NAME = "$(TARGET_NAME)";
				SWIFT_VERSION = 5.0;
				TARGETED_DEVICE_FAMILY = "1,2";
			};
			name = Debug;
		};
		FA2E4E40241EC53000942616 /* Release */ = {
			isa = XCBuildConfiguration;
			buildSettings = {
				ASSETCATALOG_COMPILER_APPICON_NAME = AppIcon;
				CODE_SIGN_ENTITLEMENTS = GT/GT.entitlements;
				CODE_SIGN_STYLE = Automatic;
				DEVELOPMENT_TEAM = ZF27C7P399;
				FRAMEWORK_SEARCH_PATHS = (
					"$(inherited)",
					"$(PROJECT_DIR)/Source/Frameworks",
				);
				INFOPLIST_FILE = GT/Info.plist;
				LD_RUNPATH_SEARCH_PATHS = (
					"$(inherited)",
					"@executable_path/Frameworks",
				);
				PRODUCT_BUNDLE_IDENTIFIER = com.MT.Oscar;
				PRODUCT_NAME = "$(TARGET_NAME)";
				SWIFT_VERSION = 5.0;
				TARGETED_DEVICE_FAMILY = "1,2";
			};
			name = Release;
		};
/* End XCBuildConfiguration section */

/* Begin XCConfigurationList section */
		FA2E4E25241EC52A00942616 /* Build configuration list for PBXProject "GT" */ = {
			isa = XCConfigurationList;
			buildConfigurations = (
				FA2E4E3C241EC53000942616 /* Debug */,
				FA2E4E3D241EC53000942616 /* Release */,
			);
			defaultConfigurationIsVisible = 0;
			defaultConfigurationName = Debug;
		};
		FA2E4E3E241EC53000942616 /* Build configuration list for PBXNativeTarget "GT" */ = {
			isa = XCConfigurationList;
			buildConfigurations = (
				FA2E4E3F241EC53000942616 /* Debug */,
				FA2E4E40241EC53000942616 /* Release */,
			);
			defaultConfigurationIsVisible = 0;
			defaultConfigurationName = Debug;
		};
/* End XCConfigurationList section */

/* Begin XCRemoteSwiftPackageReference section */
		272D230E2428F7D700E6D5B1 /* XCRemoteSwiftPackageReference "MTWeekView" */ = {
			isa = XCRemoteSwiftPackageReference;
			repositoryURL = "https://github.com/atlant04/MTWeekView.git";
			requirement = {
				branch = master;
				kind = branch;
			};
		};
/* End XCRemoteSwiftPackageReference section */
	};
	rootObject = FA2E4E22241EC52A00942616 /* Project object */;
}
