// !$*UTF8*$!
{
	archiveVersion = 1;
	classes = {
	};
	objectVersion = 52;
	objects = {

/* Begin PBXBuildFile section */
		1786E57A243FCC5900FF6C9C /* SectionCell.swift in Sources */ = {isa = PBXBuildFile; fileRef = 1786E574243FCC5900FF6C9C /* SectionCell.swift */; };
		1786E57B243FCC5900FF6C9C /* SectionCellXib.xib in Resources */ = {isa = PBXBuildFile; fileRef = 1786E575243FCC5900FF6C9C /* SectionCellXib.xib */; };
		1786E57C243FCC5900FF6C9C /* CourseCell.swift in Sources */ = {isa = PBXBuildFile; fileRef = 1786E576243FCC5900FF6C9C /* CourseCell.swift */; };
		1786E57D243FCC5900FF6C9C /* Protocols.swift in Sources */ = {isa = PBXBuildFile; fileRef = 1786E577243FCC5900FF6C9C /* Protocols.swift */; };
		1786E57E243FCC5900FF6C9C /* CoursePickerView.swift in Sources */ = {isa = PBXBuildFile; fileRef = 1786E578243FCC5900FF6C9C /* CoursePickerView.swift */; };
		1786E57F243FCC5900FF6C9C /* SectionHeader.swift in Sources */ = {isa = PBXBuildFile; fileRef = 1786E579243FCC5900FF6C9C /* SectionHeader.swift */; };
		271A444D24292EB300AADABE /* MTWeekView in Frameworks */ = {isa = PBXBuildFile; productRef = 271A444C24292EB300AADABE /* MTWeekView */; };
		273DFC052429074C008950DA /* AppDelegate.swift in Sources */ = {isa = PBXBuildFile; fileRef = 273DFC042429074C008950DA /* AppDelegate.swift */; };
		273DFC0C2429074C008950DA /* Main.storyboard in Resources */ = {isa = PBXBuildFile; fileRef = 273DFC0A2429074C008950DA /* Main.storyboard */; };
		273DFC0E2429074F008950DA /* Assets.xcassets in Resources */ = {isa = PBXBuildFile; fileRef = 273DFC0D2429074F008950DA /* Assets.xcassets */; };
		273DFC112429074F008950DA /* LaunchScreen.storyboard in Resources */ = {isa = PBXBuildFile; fileRef = 273DFC0F2429074F008950DA /* LaunchScreen.storyboard */; };
		273DFC1D2429076E008950DA /* ViewController.swift in Sources */ = {isa = PBXBuildFile; fileRef = 273DFC1A2429076E008950DA /* ViewController.swift */; };
		273DFC1E2429076E008950DA /* DetailViewController.swift in Sources */ = {isa = PBXBuildFile; fileRef = 273DFC1B2429076E008950DA /* DetailViewController.swift */; };
		273DFC2C2429078D008950DA /* Course.swift in Sources */ = {isa = PBXBuildFile; fileRef = 273DFC2B2429078D008950DA /* Course.swift */; };
		273DFC2E242907A5008950DA /* SceneDelegate.swift in Sources */ = {isa = PBXBuildFile; fileRef = 273DFC2D242907A5008950DA /* SceneDelegate.swift */; };
		273DFC32242907AE008950DA /* AppConstants.swift in Sources */ = {isa = PBXBuildFile; fileRef = 273DFC2F242907AD008950DA /* AppConstants.swift */; };
		273DFC33242907AE008950DA /* ServerManager.swift in Sources */ = {isa = PBXBuildFile; fileRef = 273DFC30242907AE008950DA /* ServerManager.swift */; };
		273DFC34242907AE008950DA /* Extensions.swift in Sources */ = {isa = PBXBuildFile; fileRef = 273DFC31242907AE008950DA /* Extensions.swift */; };
		274D8731242A238E00B229B2 /* TrackedableViewController.swift in Sources */ = {isa = PBXBuildFile; fileRef = 274D8730242A238E00B229B2 /* TrackedableViewController.swift */; };
		27A7821A2438C6B5006CDE57 /* ColumnViewController.swift in Sources */ = {isa = PBXBuildFile; fileRef = 27A782192438C6B5006CDE57 /* ColumnViewController.swift */; };
		27A78224243A11CF006CDE57 /* SpinnerViewController.swift in Sources */ = {isa = PBXBuildFile; fileRef = 27A78223243A11CF006CDE57 /* SpinnerViewController.swift */; };
		27B71FAD242CABD1000EFEFE /* CoreDataStack.swift in Sources */ = {isa = PBXBuildFile; fileRef = 27B71FAC242CABD1000EFEFE /* CoreDataStack.swift */; };
		27F9B29124350DCC006C5EE8 /* Model.xcdatamodeld in Sources */ = {isa = PBXBuildFile; fileRef = 27B71FA3242CA620000EFEFE /* Model.xcdatamodeld */; };
		27F9B29324351DF7006C5EE8 /* SearchViewController.swift in Sources */ = {isa = PBXBuildFile; fileRef = 27F9B29224351DF7006C5EE8 /* SearchViewController.swift */; };
		850FD7BDFFF6B638E349271F /* Pods_GT.framework in Frameworks */ = {isa = PBXBuildFile; fileRef = 3F7CAC2D3D35BD4D3CD90374 /* Pods_GT.framework */; };
/* End PBXBuildFile section */

/* Begin PBXFileReference section */
		0AF9DE093F0FB685B6287235 /* Pods-GT.release.xcconfig */ = {isa = PBXFileReference; includeInIndex = 1; lastKnownFileType = text.xcconfig; name = "Pods-GT.release.xcconfig"; path = "Target Support Files/Pods-GT/Pods-GT.release.xcconfig"; sourceTree = "<group>"; };
		1786E574243FCC5900FF6C9C /* SectionCell.swift */ = {isa = PBXFileReference; fileEncoding = 4; lastKnownFileType = sourcecode.swift; path = SectionCell.swift; sourceTree = "<group>"; };
		1786E575243FCC5900FF6C9C /* SectionCellXib.xib */ = {isa = PBXFileReference; fileEncoding = 4; lastKnownFileType = file.xib; path = SectionCellXib.xib; sourceTree = "<group>"; };
		1786E576243FCC5900FF6C9C /* CourseCell.swift */ = {isa = PBXFileReference; fileEncoding = 4; lastKnownFileType = sourcecode.swift; path = CourseCell.swift; sourceTree = "<group>"; };
		1786E577243FCC5900FF6C9C /* Protocols.swift */ = {isa = PBXFileReference; fileEncoding = 4; lastKnownFileType = sourcecode.swift; path = Protocols.swift; sourceTree = "<group>"; };
		1786E578243FCC5900FF6C9C /* CoursePickerView.swift */ = {isa = PBXFileReference; fileEncoding = 4; lastKnownFileType = sourcecode.swift; path = CoursePickerView.swift; sourceTree = "<group>"; };
		1786E579243FCC5900FF6C9C /* SectionHeader.swift */ = {isa = PBXFileReference; fileEncoding = 4; lastKnownFileType = sourcecode.swift; path = SectionHeader.swift; sourceTree = "<group>"; };
		273DFC012429074C008950DA /* GT.app */ = {isa = PBXFileReference; explicitFileType = wrapper.application; includeInIndex = 0; path = GT.app; sourceTree = BUILT_PRODUCTS_DIR; };
		273DFC042429074C008950DA /* AppDelegate.swift */ = {isa = PBXFileReference; lastKnownFileType = sourcecode.swift; path = AppDelegate.swift; sourceTree = "<group>"; };
		273DFC0B2429074C008950DA /* Base */ = {isa = PBXFileReference; lastKnownFileType = file.storyboard; name = Base; path = Base.lproj/Main.storyboard; sourceTree = "<group>"; };
		273DFC0D2429074F008950DA /* Assets.xcassets */ = {isa = PBXFileReference; lastKnownFileType = folder.assetcatalog; path = Assets.xcassets; sourceTree = "<group>"; };
		273DFC102429074F008950DA /* Base */ = {isa = PBXFileReference; lastKnownFileType = file.storyboard; name = Base; path = Base.lproj/LaunchScreen.storyboard; sourceTree = "<group>"; };
		273DFC122429074F008950DA /* Info.plist */ = {isa = PBXFileReference; lastKnownFileType = text.plist.xml; path = Info.plist; sourceTree = "<group>"; };
		273DFC1A2429076E008950DA /* ViewController.swift */ = {isa = PBXFileReference; fileEncoding = 4; lastKnownFileType = sourcecode.swift; path = ViewController.swift; sourceTree = "<group>"; };
		273DFC1B2429076E008950DA /* DetailViewController.swift */ = {isa = PBXFileReference; fileEncoding = 4; lastKnownFileType = sourcecode.swift; path = DetailViewController.swift; sourceTree = "<group>"; };
		273DFC2B2429078D008950DA /* Course.swift */ = {isa = PBXFileReference; fileEncoding = 4; lastKnownFileType = sourcecode.swift; path = Course.swift; sourceTree = "<group>"; };
		273DFC2D242907A5008950DA /* SceneDelegate.swift */ = {isa = PBXFileReference; fileEncoding = 4; lastKnownFileType = sourcecode.swift; path = SceneDelegate.swift; sourceTree = "<group>"; };
		273DFC2F242907AD008950DA /* AppConstants.swift */ = {isa = PBXFileReference; fileEncoding = 4; lastKnownFileType = sourcecode.swift; path = AppConstants.swift; sourceTree = "<group>"; };
		273DFC30242907AE008950DA /* ServerManager.swift */ = {isa = PBXFileReference; fileEncoding = 4; lastKnownFileType = sourcecode.swift; path = ServerManager.swift; sourceTree = "<group>"; };
		273DFC31242907AE008950DA /* Extensions.swift */ = {isa = PBXFileReference; fileEncoding = 4; lastKnownFileType = sourcecode.swift; path = Extensions.swift; sourceTree = "<group>"; };
		274D8730242A238E00B229B2 /* TrackedableViewController.swift */ = {isa = PBXFileReference; lastKnownFileType = sourcecode.swift; path = TrackedableViewController.swift; sourceTree = "<group>"; };
		275BA43D242A95BC00E89227 /* GT.entitlements */ = {isa = PBXFileReference; lastKnownFileType = text.plist.entitlements; path = GT.entitlements; sourceTree = "<group>"; };
		27A782192438C6B5006CDE57 /* ColumnViewController.swift */ = {isa = PBXFileReference; lastKnownFileType = sourcecode.swift; path = ColumnViewController.swift; sourceTree = "<group>"; };
		27A78223243A11CF006CDE57 /* SpinnerViewController.swift */ = {isa = PBXFileReference; lastKnownFileType = sourcecode.swift; path = SpinnerViewController.swift; sourceTree = "<group>"; };
		27B71FA4242CA620000EFEFE /* Model.xcdatamodel */ = {isa = PBXFileReference; lastKnownFileType = wrapper.xcdatamodel; path = Model.xcdatamodel; sourceTree = "<group>"; };
		27B71FAC242CABD1000EFEFE /* CoreDataStack.swift */ = {isa = PBXFileReference; lastKnownFileType = sourcecode.swift; path = CoreDataStack.swift; sourceTree = "<group>"; };
		27F9B29224351DF7006C5EE8 /* SearchViewController.swift */ = {isa = PBXFileReference; lastKnownFileType = sourcecode.swift; path = SearchViewController.swift; sourceTree = "<group>"; };
		3F7CAC2D3D35BD4D3CD90374 /* Pods_GT.framework */ = {isa = PBXFileReference; explicitFileType = wrapper.framework; includeInIndex = 0; path = Pods_GT.framework; sourceTree = BUILT_PRODUCTS_DIR; };
		A153F377C25C6D3F4E0D5AE0 /* Pods-GT.debug.xcconfig */ = {isa = PBXFileReference; includeInIndex = 1; lastKnownFileType = text.xcconfig; name = "Pods-GT.debug.xcconfig"; path = "Target Support Files/Pods-GT/Pods-GT.debug.xcconfig"; sourceTree = "<group>"; };
/* End PBXFileReference section */

/* Begin PBXFrameworksBuildPhase section */
		273DFBFE2429074C008950DA /* Frameworks */ = {
			isa = PBXFrameworksBuildPhase;
			buildActionMask = 2147483647;
			files = (
				271A444D24292EB300AADABE /* MTWeekView in Frameworks */,
				850FD7BDFFF6B638E349271F /* Pods_GT.framework in Frameworks */,
			);
			runOnlyForDeploymentPostprocessing = 0;
		};
/* End PBXFrameworksBuildPhase section */

/* Begin PBXGroup section */
		1786E573243FCC5900FF6C9C /* Views */ = {
			isa = PBXGroup;
			children = (
				1786E574243FCC5900FF6C9C /* SectionCell.swift */,
				1786E575243FCC5900FF6C9C /* SectionCellXib.xib */,
				1786E576243FCC5900FF6C9C /* CourseCell.swift */,
				1786E577243FCC5900FF6C9C /* Protocols.swift */,
				1786E578243FCC5900FF6C9C /* CoursePickerView.swift */,
				1786E579243FCC5900FF6C9C /* SectionHeader.swift */,
			);
			path = Views;
			sourceTree = "<group>";
		};
		273DFBF82429074C008950DA = {
			isa = PBXGroup;
			children = (
				273DFC032429074C008950DA /* GT */,
				273DFC022429074C008950DA /* Products */,
				566B16AA1F6131133B08F523 /* Pods */,
				D66F3A33F4FA9750477A8A32 /* Frameworks */,
			);
			sourceTree = "<group>";
		};
		273DFC022429074C008950DA /* Products */ = {
			isa = PBXGroup;
			children = (
				273DFC012429074C008950DA /* GT.app */,
			);
			name = Products;
			sourceTree = "<group>";
		};
		273DFC032429074C008950DA /* GT */ = {
			isa = PBXGroup;
			children = (
				27B71F9C242CA620000EFEFE /* CoreData */,
				275BA43D242A95BC00E89227 /* GT.entitlements */,
				273DFC2A2429078D008950DA /* Models */,
				1786E573243FCC5900FF6C9C /* Views */,
				273DFC182429076E008950DA /* Controllers */,
				273DFC042429074C008950DA /* AppDelegate.swift */,
				273DFC0A2429074C008950DA /* Main.storyboard */,
				273DFC0D2429074F008950DA /* Assets.xcassets */,
				273DFC0F2429074F008950DA /* LaunchScreen.storyboard */,
				273DFC2D242907A5008950DA /* SceneDelegate.swift */,
				273DFC2F242907AD008950DA /* AppConstants.swift */,
				273DFC31242907AE008950DA /* Extensions.swift */,
				273DFC30242907AE008950DA /* ServerManager.swift */,
				273DFC122429074F008950DA /* Info.plist */,
			);
			path = GT;
			sourceTree = "<group>";
		};
		273DFC182429076E008950DA /* Controllers */ = {
			isa = PBXGroup;
			children = (
				273DFC1A2429076E008950DA /* ViewController.swift */,
				273DFC1B2429076E008950DA /* DetailViewController.swift */,
				274D8730242A238E00B229B2 /* TrackedableViewController.swift */,
				27F9B29224351DF7006C5EE8 /* SearchViewController.swift */,
				27A782192438C6B5006CDE57 /* ColumnViewController.swift */,
				27A78223243A11CF006CDE57 /* SpinnerViewController.swift */,
			);
			path = Controllers;
			sourceTree = "<group>";
		};
		273DFC2A2429078D008950DA /* Models */ = {
			isa = PBXGroup;
			children = (
				273DFC2B2429078D008950DA /* Course.swift */,
			);
			path = Models;
			sourceTree = "<group>";
		};
		27B71F9C242CA620000EFEFE /* CoreData */ = {
			isa = PBXGroup;
			children = (
				27B71FA3242CA620000EFEFE /* Model.xcdatamodeld */,
				27B71FAC242CABD1000EFEFE /* CoreDataStack.swift */,
			);
			path = CoreData;
			sourceTree = "<group>";
		};
		566B16AA1F6131133B08F523 /* Pods */ = {
			isa = PBXGroup;
			children = (
				A153F377C25C6D3F4E0D5AE0 /* Pods-GT.debug.xcconfig */,
				0AF9DE093F0FB685B6287235 /* Pods-GT.release.xcconfig */,
			);
			path = Pods;
			sourceTree = "<group>";
		};
		D66F3A33F4FA9750477A8A32 /* Frameworks */ = {
			isa = PBXGroup;
			children = (
				3F7CAC2D3D35BD4D3CD90374 /* Pods_GT.framework */,
			);
			name = Frameworks;
			sourceTree = "<group>";
		};
/* End PBXGroup section */

/* Begin PBXNativeTarget section */
		273DFC002429074C008950DA /* GT */ = {
			isa = PBXNativeTarget;
			buildConfigurationList = 273DFC152429074F008950DA /* Build configuration list for PBXNativeTarget "GT" */;
			buildPhases = (
				8D068975B6E4E365F1726590 /* [CP] Check Pods Manifest.lock */,
				273DFBFD2429074C008950DA /* Sources */,
				273DFBFE2429074C008950DA /* Frameworks */,
				273DFBFF2429074C008950DA /* Resources */,
				B75AF3C010AC3E6F94BC2102 /* [CP] Embed Pods Frameworks */,
			);
			buildRules = (
			);
			dependencies = (
			);
			name = GT;
			packageProductDependencies = (
				271A444C24292EB300AADABE /* MTWeekView */,
			);
			productName = GT;
			productReference = 273DFC012429074C008950DA /* GT.app */;
			productType = "com.apple.product-type.application";
		};
/* End PBXNativeTarget section */

/* Begin PBXProject section */
		273DFBF92429074C008950DA /* Project object */ = {
			isa = PBXProject;
			attributes = {
				LastSwiftUpdateCheck = 1130;
				LastUpgradeCheck = 1130;
				ORGANIZATIONNAME = "Maksim Tochilkin";
				TargetAttributes = {
					273DFC002429074C008950DA = {
						CreatedOnToolsVersion = 11.3.1;
					};
				};
			};
			buildConfigurationList = 273DFBFC2429074C008950DA /* Build configuration list for PBXProject "GT" */;
			compatibilityVersion = "Xcode 9.3";
			developmentRegion = en;
			hasScannedForEncodings = 0;
			knownRegions = (
				en,
				Base,
			);
			mainGroup = 273DFBF82429074C008950DA;
			packageReferences = (
				27C14368242913D500E91FAC /* XCRemoteSwiftPackageReference "MTWeekView" */,
			);
			productRefGroup = 273DFC022429074C008950DA /* Products */;
			projectDirPath = "";
			projectRoot = "";
			targets = (
				273DFC002429074C008950DA /* GT */,
			);
		};
/* End PBXProject section */

/* Begin PBXResourcesBuildPhase section */
		273DFBFF2429074C008950DA /* Resources */ = {
			isa = PBXResourcesBuildPhase;
			buildActionMask = 2147483647;
			files = (
				273DFC112429074F008950DA /* LaunchScreen.storyboard in Resources */,
				273DFC0E2429074F008950DA /* Assets.xcassets in Resources */,
				273DFC0C2429074C008950DA /* Main.storyboard in Resources */,
				1786E57B243FCC5900FF6C9C /* SectionCellXib.xib in Resources */,
			);
			runOnlyForDeploymentPostprocessing = 0;
		};
/* End PBXResourcesBuildPhase section */

/* Begin PBXShellScriptBuildPhase section */
		8D068975B6E4E365F1726590 /* [CP] Check Pods Manifest.lock */ = {
			isa = PBXShellScriptBuildPhase;
			buildActionMask = 2147483647;
			files = (
			);
			inputFileListPaths = (
			);
			inputPaths = (
				"${PODS_PODFILE_DIR_PATH}/Podfile.lock",
				"${PODS_ROOT}/Manifest.lock",
			);
			name = "[CP] Check Pods Manifest.lock";
			outputFileListPaths = (
			);
			outputPaths = (
				"$(DERIVED_FILE_DIR)/Pods-GT-checkManifestLockResult.txt",
			);
			runOnlyForDeploymentPostprocessing = 0;
			shellPath = /bin/sh;
			shellScript = "diff \"${PODS_PODFILE_DIR_PATH}/Podfile.lock\" \"${PODS_ROOT}/Manifest.lock\" > /dev/null\nif [ $? != 0 ] ; then\n    # print error to STDERR\n    echo \"error: The sandbox is not in sync with the Podfile.lock. Run 'pod install' or update your CocoaPods installation.\" >&2\n    exit 1\nfi\n# This output is used by Xcode 'outputs' to avoid re-running this script phase.\necho \"SUCCESS\" > \"${SCRIPT_OUTPUT_FILE_0}\"\n";
			showEnvVarsInLog = 0;
		};
		B75AF3C010AC3E6F94BC2102 /* [CP] Embed Pods Frameworks */ = {
			isa = PBXShellScriptBuildPhase;
			buildActionMask = 2147483647;
			files = (
			);
			inputFileListPaths = (
				"${PODS_ROOT}/Target Support Files/Pods-GT/Pods-GT-frameworks-${CONFIGURATION}-input-files.xcfilelist",
			);
			name = "[CP] Embed Pods Frameworks";
			outputFileListPaths = (
				"${PODS_ROOT}/Target Support Files/Pods-GT/Pods-GT-frameworks-${CONFIGURATION}-output-files.xcfilelist",
			);
			runOnlyForDeploymentPostprocessing = 0;
			shellPath = /bin/sh;
			shellScript = "\"${PODS_ROOT}/Target Support Files/Pods-GT/Pods-GT-frameworks.sh\"\n";
			showEnvVarsInLog = 0;
		};
/* End PBXShellScriptBuildPhase section */

/* Begin PBXSourcesBuildPhase section */
		273DFBFD2429074C008950DA /* Sources */ = {
			isa = PBXSourcesBuildPhase;
			buildActionMask = 2147483647;
			files = (
				27F9B29124350DCC006C5EE8 /* Model.xcdatamodeld in Sources */,
				273DFC1D2429076E008950DA /* ViewController.swift in Sources */,
				274D8731242A238E00B229B2 /* TrackedableViewController.swift in Sources */,
				1786E57A243FCC5900FF6C9C /* SectionCell.swift in Sources */,
				27A7821A2438C6B5006CDE57 /* ColumnViewController.swift in Sources */,
				1786E57E243FCC5900FF6C9C /* CoursePickerView.swift in Sources */,
				273DFC2C2429078D008950DA /* Course.swift in Sources */,
				1786E57F243FCC5900FF6C9C /* SectionHeader.swift in Sources */,
				273DFC32242907AE008950DA /* AppConstants.swift in Sources */,
				273DFC33242907AE008950DA /* ServerManager.swift in Sources */,
				273DFC2E242907A5008950DA /* SceneDelegate.swift in Sources */,
				27F9B29324351DF7006C5EE8 /* SearchViewController.swift in Sources */,
				27B71FAD242CABD1000EFEFE /* CoreDataStack.swift in Sources */,
				273DFC34242907AE008950DA /* Extensions.swift in Sources */,
				1786E57C243FCC5900FF6C9C /* CourseCell.swift in Sources */,
				273DFC1E2429076E008950DA /* DetailViewController.swift in Sources */,
				27A78224243A11CF006CDE57 /* SpinnerViewController.swift in Sources */,
				1786E57D243FCC5900FF6C9C /* Protocols.swift in Sources */,
				273DFC052429074C008950DA /* AppDelegate.swift in Sources */,
			);
			runOnlyForDeploymentPostprocessing = 0;
		};
/* End PBXSourcesBuildPhase section */

/* Begin PBXVariantGroup section */
		273DFC0A2429074C008950DA /* Main.storyboard */ = {
			isa = PBXVariantGroup;
			children = (
				273DFC0B2429074C008950DA /* Base */,
			);
			name = Main.storyboard;
			sourceTree = "<group>";
		};
		273DFC0F2429074F008950DA /* LaunchScreen.storyboard */ = {
			isa = PBXVariantGroup;
			children = (
				273DFC102429074F008950DA /* Base */,
			);
			name = LaunchScreen.storyboard;
			sourceTree = "<group>";
		};
/* End PBXVariantGroup section */

/* Begin XCBuildConfiguration section */
		273DFC132429074F008950DA /* Debug */ = {
			isa = XCBuildConfiguration;
			buildSettings = {
				ALWAYS_SEARCH_USER_PATHS = NO;
				CLANG_ANALYZER_NONNULL = YES;
				CLANG_ANALYZER_NUMBER_OBJECT_CONVERSION = YES_AGGRESSIVE;
				CLANG_CXX_LANGUAGE_STANDARD = "gnu++14";
				CLANG_CXX_LIBRARY = "libc++";
				CLANG_ENABLE_MODULES = YES;
				CLANG_ENABLE_OBJC_ARC = YES;
				CLANG_ENABLE_OBJC_WEAK = YES;
				CLANG_WARN_BLOCK_CAPTURE_AUTORELEASING = YES;
				CLANG_WARN_BOOL_CONVERSION = YES;
				CLANG_WARN_COMMA = YES;
				CLANG_WARN_CONSTANT_CONVERSION = YES;
				CLANG_WARN_DEPRECATED_OBJC_IMPLEMENTATIONS = YES;
				CLANG_WARN_DIRECT_OBJC_ISA_USAGE = YES_ERROR;
				CLANG_WARN_DOCUMENTATION_COMMENTS = YES;
				CLANG_WARN_EMPTY_BODY = YES;
				CLANG_WARN_ENUM_CONVERSION = YES;
				CLANG_WARN_INFINITE_RECURSION = YES;
				CLANG_WARN_INT_CONVERSION = YES;
				CLANG_WARN_NON_LITERAL_NULL_CONVERSION = YES;
				CLANG_WARN_OBJC_IMPLICIT_RETAIN_SELF = YES;
				CLANG_WARN_OBJC_LITERAL_CONVERSION = YES;
				CLANG_WARN_OBJC_ROOT_CLASS = YES_ERROR;
				CLANG_WARN_RANGE_LOOP_ANALYSIS = YES;
				CLANG_WARN_STRICT_PROTOTYPES = YES;
				CLANG_WARN_SUSPICIOUS_MOVE = YES;
				CLANG_WARN_UNGUARDED_AVAILABILITY = YES_AGGRESSIVE;
				CLANG_WARN_UNREACHABLE_CODE = YES;
				CLANG_WARN__DUPLICATE_METHOD_MATCH = YES;
				COPY_PHASE_STRIP = NO;
				DEBUG_INFORMATION_FORMAT = dwarf;
				ENABLE_STRICT_OBJC_MSGSEND = YES;
				ENABLE_TESTABILITY = YES;
				GCC_C_LANGUAGE_STANDARD = gnu11;
				GCC_DYNAMIC_NO_PIC = NO;
				GCC_NO_COMMON_BLOCKS = YES;
				GCC_OPTIMIZATION_LEVEL = 0;
				GCC_PREPROCESSOR_DEFINITIONS = (
					"DEBUG=1",
					"$(inherited)",
				);
				GCC_WARN_64_TO_32_BIT_CONVERSION = YES;
				GCC_WARN_ABOUT_RETURN_TYPE = YES_ERROR;
				GCC_WARN_UNDECLARED_SELECTOR = YES;
				GCC_WARN_UNINITIALIZED_AUTOS = YES_AGGRESSIVE;
				GCC_WARN_UNUSED_FUNCTION = YES;
				GCC_WARN_UNUSED_VARIABLE = YES;
				IPHONEOS_DEPLOYMENT_TARGET = 13.2;
				MTL_ENABLE_DEBUG_INFO = INCLUDE_SOURCE;
				MTL_FAST_MATH = YES;
				ONLY_ACTIVE_ARCH = YES;
				SDKROOT = iphoneos;
				SWIFT_ACTIVE_COMPILATION_CONDITIONS = DEBUG;
				SWIFT_OPTIMIZATION_LEVEL = "-Onone";
			};
			name = Debug;
		};
		273DFC142429074F008950DA /* Release */ = {
			isa = XCBuildConfiguration;
			buildSettings = {
				ALWAYS_SEARCH_USER_PATHS = NO;
				CLANG_ANALYZER_NONNULL = YES;
				CLANG_ANALYZER_NUMBER_OBJECT_CONVERSION = YES_AGGRESSIVE;
				CLANG_CXX_LANGUAGE_STANDARD = "gnu++14";
				CLANG_CXX_LIBRARY = "libc++";
				CLANG_ENABLE_MODULES = YES;
				CLANG_ENABLE_OBJC_ARC = YES;
				CLANG_ENABLE_OBJC_WEAK = YES;
				CLANG_WARN_BLOCK_CAPTURE_AUTORELEASING = YES;
				CLANG_WARN_BOOL_CONVERSION = YES;
				CLANG_WARN_COMMA = YES;
				CLANG_WARN_CONSTANT_CONVERSION = YES;
				CLANG_WARN_DEPRECATED_OBJC_IMPLEMENTATIONS = YES;
				CLANG_WARN_DIRECT_OBJC_ISA_USAGE = YES_ERROR;
				CLANG_WARN_DOCUMENTATION_COMMENTS = YES;
				CLANG_WARN_EMPTY_BODY = YES;
				CLANG_WARN_ENUM_CONVERSION = YES;
				CLANG_WARN_INFINITE_RECURSION = YES;
				CLANG_WARN_INT_CONVERSION = YES;
				CLANG_WARN_NON_LITERAL_NULL_CONVERSION = YES;
				CLANG_WARN_OBJC_IMPLICIT_RETAIN_SELF = YES;
				CLANG_WARN_OBJC_LITERAL_CONVERSION = YES;
				CLANG_WARN_OBJC_ROOT_CLASS = YES_ERROR;
				CLANG_WARN_RANGE_LOOP_ANALYSIS = YES;
				CLANG_WARN_STRICT_PROTOTYPES = YES;
				CLANG_WARN_SUSPICIOUS_MOVE = YES;
				CLANG_WARN_UNGUARDED_AVAILABILITY = YES_AGGRESSIVE;
				CLANG_WARN_UNREACHABLE_CODE = YES;
				CLANG_WARN__DUPLICATE_METHOD_MATCH = YES;
				COPY_PHASE_STRIP = NO;
				DEBUG_INFORMATION_FORMAT = "dwarf-with-dsym";
				ENABLE_NS_ASSERTIONS = NO;
				ENABLE_STRICT_OBJC_MSGSEND = YES;
				GCC_C_LANGUAGE_STANDARD = gnu11;
				GCC_NO_COMMON_BLOCKS = YES;
				GCC_WARN_64_TO_32_BIT_CONVERSION = YES;
				GCC_WARN_ABOUT_RETURN_TYPE = YES_ERROR;
				GCC_WARN_UNDECLARED_SELECTOR = YES;
				GCC_WARN_UNINITIALIZED_AUTOS = YES_AGGRESSIVE;
				GCC_WARN_UNUSED_FUNCTION = YES;
				GCC_WARN_UNUSED_VARIABLE = YES;
				IPHONEOS_DEPLOYMENT_TARGET = 13.2;
				MTL_ENABLE_DEBUG_INFO = NO;
				MTL_FAST_MATH = YES;
				SDKROOT = iphoneos;
				SWIFT_COMPILATION_MODE = wholemodule;
				SWIFT_OPTIMIZATION_LEVEL = "-O";
				VALIDATE_PRODUCT = YES;
			};
			name = Release;
		};
		273DFC162429074F008950DA /* Debug */ = {
			isa = XCBuildConfiguration;
			baseConfigurationReference = A153F377C25C6D3F4E0D5AE0 /* Pods-GT.debug.xcconfig */;
			buildSettings = {
				ASSETCATALOG_COMPILER_APPICON_NAME = AppIcon;
				CODE_SIGN_ENTITLEMENTS = GT/GT.entitlements;
				CODE_SIGN_STYLE = Automatic;
				DEVELOPMENT_TEAM = D7DS2U3H59;
				INFOPLIST_FILE = GT/Info.plist;
				IPHONEOS_DEPLOYMENT_TARGET = 13.0;
				LD_RUNPATH_SEARCH_PATHS = (
					"$(inherited)",
					"@executable_path/Frameworks",
				);
				PRODUCT_BUNDLE_IDENTIFIER = "com.MT.Oscar-";
				PRODUCT_NAME = "$(TARGET_NAME)";
				SUPPORTS_MACCATALYST = YES;
				SWIFT_VERSION = 5.0;
				TARGETED_DEVICE_FAMILY = "1,2";
			};
			name = Debug;
		};
		273DFC172429074F008950DA /* Release */ = {
			isa = XCBuildConfiguration;
			baseConfigurationReference = 0AF9DE093F0FB685B6287235 /* Pods-GT.release.xcconfig */;
			buildSettings = {
				ASSETCATALOG_COMPILER_APPICON_NAME = AppIcon;
				CODE_SIGN_ENTITLEMENTS = GT/GT.entitlements;
				CODE_SIGN_STYLE = Automatic;
				DEVELOPMENT_TEAM = D7DS2U3H59;
				INFOPLIST_FILE = GT/Info.plist;
				IPHONEOS_DEPLOYMENT_TARGET = 13.0;
				LD_RUNPATH_SEARCH_PATHS = (
					"$(inherited)",
					"@executable_path/Frameworks",
				);
				PRODUCT_BUNDLE_IDENTIFIER = "com.MT.Oscar-";
				PRODUCT_NAME = "$(TARGET_NAME)";
				SUPPORTS_MACCATALYST = YES;
				SWIFT_VERSION = 5.0;
				TARGETED_DEVICE_FAMILY = "1,2";
			};
			name = Release;
		};
/* End XCBuildConfiguration section */

/* Begin XCConfigurationList section */
		273DFBFC2429074C008950DA /* Build configuration list for PBXProject "GT" */ = {
			isa = XCConfigurationList;
			buildConfigurations = (
				273DFC132429074F008950DA /* Debug */,
				273DFC142429074F008950DA /* Release */,
			);
			defaultConfigurationIsVisible = 0;
			defaultConfigurationName = Release;
		};
		273DFC152429074F008950DA /* Build configuration list for PBXNativeTarget "GT" */ = {
			isa = XCConfigurationList;
			buildConfigurations = (
				273DFC162429074F008950DA /* Debug */,
				273DFC172429074F008950DA /* Release */,
			);
			defaultConfigurationIsVisible = 0;
			defaultConfigurationName = Release;
		};
/* End XCConfigurationList section */

/* Begin XCRemoteSwiftPackageReference section */
		27C14368242913D500E91FAC /* XCRemoteSwiftPackageReference "MTWeekView" */ = {
			isa = XCRemoteSwiftPackageReference;
			repositoryURL = "https://github.com/atlant04/MTWeekView.git";
			requirement = {
				branch = master;
				kind = branch;
			};
		};
/* End XCRemoteSwiftPackageReference section */

/* Begin XCSwiftPackageProductDependency section */
		271A444C24292EB300AADABE /* MTWeekView */ = {
			isa = XCSwiftPackageProductDependency;
			package = 27C14368242913D500E91FAC /* XCRemoteSwiftPackageReference "MTWeekView" */;
			productName = MTWeekView;
		};
/* End XCSwiftPackageProductDependency section */

/* Begin XCVersionGroup section */
		27B71FA3242CA620000EFEFE /* Model.xcdatamodeld */ = {
			isa = XCVersionGroup;
			children = (
				27B71FA4242CA620000EFEFE /* Model.xcdatamodel */,
			);
			currentVersion = 27B71FA4242CA620000EFEFE /* Model.xcdatamodel */;
			path = Model.xcdatamodeld;
			sourceTree = "<group>";
			versionGroupType = wrapper.xcdatamodel;
		};
/* End XCVersionGroup section */
	};
	rootObject = 273DFBF92429074C008950DA /* Project object */;
}
