{
  "object": {
    "pins": [
      {
        "package": "MTWeekView",
        "repositoryURL": "https://github.com/atlant04/MTWeekView.git",
        "state": {
          "branch": "master",
          "revision": "ddafa465514a5e3916166ddcebdbd0571d04d8c6",
          "version": null
        }
      }
    ]
  },
  "version": 1
}
