{
  "object": {
    "pins": [
      {
        "package": "MTWeekView",
        "repositoryURL": "https://github.com/atlant04/MTWeekView.git",
        "state": {
          "branch": "master",
          "revision": "a219c3eecdd5d93d5462bafcf27d8f6ba3f09907",
          "version": null
        }
      }
    ]
  },
  "version": 1
}
