{
  "object": {
    "pins": [
      {
        "package": "MTWeekView",
        "repositoryURL": "https://github.com/atlant04/MTWeekView.git",
        "state": {
          "branch": "dev",
          "revision": "6e702f349346eadfb997d33b3755f64cb6eb3978",
          "version": null
        }
      }
    ]
  },
  "version": 1
}
